
Microsoft Visual Studio Solution File, Format Version 12.00
# Visual Studio Version 17
VisualStudioVersion = 17.9.34728.123
MinimumVisualStudioVersion = 10.0.40219.1
Project("{FAE04EC0-301F-11D3-BF4B-00C04F79EFBC}") = "ExerciseThree", "ExerciseThree\ExerciseThree.csproj", "{F7E668BB-0DE0-4591-B6C2-D8B859E81CC1}"
EndProject
Global
	GlobalSection(SolutionConfigurationPlatforms) = preSolution
		Debug|Any CPU = Debug|Any CPU
		Release|Any CPU = Release|Any CPU
	EndGlobalSection
	GlobalSection(ProjectConfigurationPlatforms) = postSolution
		{F7E668BB-0DE0-4591-B6C2-D8B859E81CC1}.Debug|Any CPU.ActiveCfg = Debug|Any CPU
		{F7E668BB-0DE0-4591-B6C2-D8B859E81CC1}.Debug|Any CPU.Build.0 = Debug|Any CPU
		{F7E668BB-0DE0-4591-B6C2-D8B859E81CC1}.Release|Any CPU.ActiveCfg = Release|Any CPU
		{F7E668BB-0DE0-4591-B6C2-D8B859E81CC1}.Release|Any CPU.Build.0 = Release|Any CPU
	EndGlobalSection
	GlobalSection(SolutionProperties) = preSolution
		HideSolutionNode = FALSE
	EndGlobalSection
	GlobalSection(ExtensibilityGlobals) = postSolution
		SolutionGuid = {4DA0011E-59D4-4004-95DE-E14389D99567}
	EndGlobalSection
EndGlobal
